
Microsoft Visual Studio Solution File, Format Version 12.00
# Visual Studio 15
VisualStudioVersion = 15.0.26124.0
MinimumVisualStudioVersion = 15.0.26124.0
Project("{FAE04EC0-301F-11D3-BF4B-00C04F79EFBC}") = "Domain", "Domain\Domain.csproj", "{B0B24EC2-BC78-4776-95D6-3146C488A397}"
EndProject
Project("{FAE04EC0-301F-11D3-BF4B-00C04F79EFBC}") = "Application", "Application\Application.csproj", "{0D452A75-FA64-45D0-BF62-B36413D19D9D}"
EndProject
Project("{FAE04EC0-301F-11D3-BF4B-00C04F79EFBC}") = "Persistence", "Persistence\Persistence.csproj", "{BB835B27-F69F-4EBC-97A6-B0C16CA502DF}"
EndProject
Project("{FAE04EC0-301F-11D3-BF4B-00C04F79EFBC}") = "API", "API\API.csproj", "{6D6093DC-30AD-4905-ABF4-3B8FBDCDE3E1}"
EndProject
Global
	GlobalSection(SolutionConfigurationPlatforms) = preSolution
		Debug|Any CPU = Debug|Any CPU
		Debug|x64 = Debug|x64
		Debug|x86 = Debug|x86
		Release|Any CPU = Release|Any CPU
		Release|x64 = Release|x64
		Release|x86 = Release|x86
	EndGlobalSection
	GlobalSection(SolutionProperties) = preSolution
		HideSolutionNode = FALSE
	EndGlobalSection
	GlobalSection(ProjectConfigurationPlatforms) = postSolution
		{B0B24EC2-BC78-4776-95D6-3146C488A397}.Debug|Any CPU.ActiveCfg = Debug|Any CPU
		{B0B24EC2-BC78-4776-95D6-3146C488A397}.Debug|Any CPU.Build.0 = Debug|Any CPU
		{B0B24EC2-BC78-4776-95D6-3146C488A397}.Debug|x64.ActiveCfg = Debug|Any CPU
		{B0B24EC2-BC78-4776-95D6-3146C488A397}.Debug|x64.Build.0 = Debug|Any CPU
		{B0B24EC2-BC78-4776-95D6-3146C488A397}.Debug|x86.ActiveCfg = Debug|Any CPU
		{B0B24EC2-BC78-4776-95D6-3146C488A397}.Debug|x86.Build.0 = Debug|Any CPU
		{B0B24EC2-BC78-4776-95D6-3146C488A397}.Release|Any CPU.ActiveCfg = Release|Any CPU
		{B0B24EC2-BC78-4776-95D6-3146C488A397}.Release|Any CPU.Build.0 = Release|Any CPU
		{B0B24EC2-BC78-4776-95D6-3146C488A397}.Release|x64.ActiveCfg = Release|Any CPU
		{B0B24EC2-BC78-4776-95D6-3146C488A397}.Release|x64.Build.0 = Release|Any CPU
		{B0B24EC2-BC78-4776-95D6-3146C488A397}.Release|x86.ActiveCfg = Release|Any CPU
		{B0B24EC2-BC78-4776-95D6-3146C488A397}.Release|x86.Build.0 = Release|Any CPU
		{0D452A75-FA64-45D0-BF62-B36413D19D9D}.Debug|Any CPU.ActiveCfg = Debug|Any CPU
		{0D452A75-FA64-45D0-BF62-B36413D19D9D}.Debug|Any CPU.Build.0 = Debug|Any CPU
		{0D452A75-FA64-45D0-BF62-B36413D19D9D}.Debug|x64.ActiveCfg = Debug|Any CPU
		{0D452A75-FA64-45D0-BF62-B36413D19D9D}.Debug|x64.Build.0 = Debug|Any CPU
		{0D452A75-FA64-45D0-BF62-B36413D19D9D}.Debug|x86.ActiveCfg = Debug|Any CPU
		{0D452A75-FA64-45D0-BF62-B36413D19D9D}.Debug|x86.Build.0 = Debug|Any CPU
		{0D452A75-FA64-45D0-BF62-B36413D19D9D}.Release|Any CPU.ActiveCfg = Release|Any CPU
		{0D452A75-FA64-45D0-BF62-B36413D19D9D}.Release|Any CPU.Build.0 = Release|Any CPU
		{0D452A75-FA64-45D0-BF62-B36413D19D9D}.Release|x64.ActiveCfg = Release|Any CPU
		{0D452A75-FA64-45D0-BF62-B36413D19D9D}.Release|x64.Build.0 = Release|Any CPU
		{0D452A75-FA64-45D0-BF62-B36413D19D9D}.Release|x86.ActiveCfg = Release|Any CPU
		{0D452A75-FA64-45D0-BF62-B36413D19D9D}.Release|x86.Build.0 = Release|Any CPU
		{BB835B27-F69F-4EBC-97A6-B0C16CA502DF}.Debug|Any CPU.ActiveCfg = Debug|Any CPU
		{BB835B27-F69F-4EBC-97A6-B0C16CA502DF}.Debug|Any CPU.Build.0 = Debug|Any CPU
		{BB835B27-F69F-4EBC-97A6-B0C16CA502DF}.Debug|x64.ActiveCfg = Debug|Any CPU
		{BB835B27-F69F-4EBC-97A6-B0C16CA502DF}.Debug|x64.Build.0 = Debug|Any CPU
		{BB835B27-F69F-4EBC-97A6-B0C16CA502DF}.Debug|x86.ActiveCfg = Debug|Any CPU
		{BB835B27-F69F-4EBC-97A6-B0C16CA502DF}.Debug|x86.Build.0 = Debug|Any CPU
		{BB835B27-F69F-4EBC-97A6-B0C16CA502DF}.Release|Any CPU.ActiveCfg = Release|Any CPU
		{BB835B27-F69F-4EBC-97A6-B0C16CA502DF}.Release|Any CPU.Build.0 = Release|Any CPU
		{BB835B27-F69F-4EBC-97A6-B0C16CA502DF}.Release|x64.ActiveCfg = Release|Any CPU
		{BB835B27-F69F-4EBC-97A6-B0C16CA502DF}.Release|x64.Build.0 = Release|Any CPU
		{BB835B27-F69F-4EBC-97A6-B0C16CA502DF}.Release|x86.ActiveCfg = Release|Any CPU
		{BB835B27-F69F-4EBC-97A6-B0C16CA502DF}.Release|x86.Build.0 = Release|Any CPU
		{6D6093DC-30AD-4905-ABF4-3B8FBDCDE3E1}.Debug|Any CPU.ActiveCfg = Debug|Any CPU
		{6D6093DC-30AD-4905-ABF4-3B8FBDCDE3E1}.Debug|Any CPU.Build.0 = Debug|Any CPU
		{6D6093DC-30AD-4905-ABF4-3B8FBDCDE3E1}.Debug|x64.ActiveCfg = Debug|Any CPU
		{6D6093DC-30AD-4905-ABF4-3B8FBDCDE3E1}.Debug|x64.Build.0 = Debug|Any CPU
		{6D6093DC-30AD-4905-ABF4-3B8FBDCDE3E1}.Debug|x86.ActiveCfg = Debug|Any CPU
		{6D6093DC-30AD-4905-ABF4-3B8FBDCDE3E1}.Debug|x86.Build.0 = Debug|Any CPU
		{6D6093DC-30AD-4905-ABF4-3B8FBDCDE3E1}.Release|Any CPU.ActiveCfg = Release|Any CPU
		{6D6093DC-30AD-4905-ABF4-3B8FBDCDE3E1}.Release|Any CPU.Build.0 = Release|Any CPU
		{6D6093DC-30AD-4905-ABF4-3B8FBDCDE3E1}.Release|x64.ActiveCfg = Release|Any CPU
		{6D6093DC-30AD-4905-ABF4-3B8FBDCDE3E1}.Release|x64.Build.0 = Release|Any CPU
		{6D6093DC-30AD-4905-ABF4-3B8FBDCDE3E1}.Release|x86.ActiveCfg = Release|Any CPU
		{6D6093DC-30AD-4905-ABF4-3B8FBDCDE3E1}.Release|x86.Build.0 = Release|Any CPU
	EndGlobalSection
EndGlobal
